{"cliVersion":"0.20.0","productModuleName":"DogsClient","sourceFilePaths":[{"path":"\/Users\/petrulutenco\/Projects\/DogsClient\/DogsClient\/AppUtilities\/AppRouter.swift","hash":"0d0a36764762aae19034d5f20bf9039f191b1f7a"},{"path":"\/Users\/petrulutenco\/Projects\/DogsClient\/DogsClient\/DogsClientApp.swift","hash":"a78e330f7307e7411d63ff3d98a04be0b15e193f"},{"path":"\/Users\/petrulutenco\/Projects\/DogsClient\/DogsClient\/Features\/BreedsFeature\/BreedsTabRouter.swift","hash":"7f6021158885dc8ca5adc22fdbc240a30d2b6252"},{"path":"\/Users\/petrulutenco\/Projects\/DogsClient\/DogsClient\/Features\/BreedsFeature\/BreedsTabRoutes.swift","hash":"c67fb054417d7314f4284ec94239b4eba29c7b6b"},{"path":"\/Users\/petrulutenco\/Projects\/DogsClient\/DogsClient\/Features\/BreedsFeature\/BreedsTabView.swift","hash":"1e35b8f6e67447205e54789a3cd3d4e546871767"},{"path":"\/Users\/petrulutenco\/Projects\/DogsClient\/DogsClient\/Features\/BreedsFeature\/BreedsTabViewModel.swift","hash":"3dac24552ac34882489e4bcd58bdd4a10f92f9f6"},{"path":"\/Users\/petrulutenco\/Projects\/DogsClient\/DogsClient\/Features\/DetailFeature\/DetailViewModel.swift","hash":"8669d497c06941fc097c9f13126c80fcfb7216db"},{"path":"\/Users\/petrulutenco\/Projects\/DogsClient\/DogsClient\/Features\/DetailFeature\/DogDetailView.swift","hash":"1b308b113680de33e7e71537f857f043db981b0a"},{"path":"\/Users\/petrulutenco\/Projects\/DogsClient\/DogsClient\/Features\/DogPhotosFeature\/DogPhotosRoutes.swift","hash":"2441045e5a841c5dd6710532773268895fcf639d"},{"path":"\/Users\/petrulutenco\/Projects\/DogsClient\/DogsClient\/Features\/DogPhotosFeature\/DogsPhotosRouter.swift","hash":"6363d391160d843a0879293f2176f2a0ca4b59ab"},{"path":"\/Users\/petrulutenco\/Projects\/DogsClient\/DogsClient\/Features\/DogPhotosFeature\/DogsPhotosView.swift","hash":"1f8fb41b90c2bab50a6bd141349ecb0b6237f519"},{"path":"\/Users\/petrulutenco\/Projects\/DogsClient\/DogsClient\/Features\/DogPhotosFeature\/DogsPhotosViewModel.swift","hash":"1d9f3e5dc5300c83516853da0010782db3321f0e"},{"path":"\/Users\/petrulutenco\/Projects\/DogsClient\/DogsClient\/Features\/HomeFeature\/HomeRouter.swift","hash":"b2ac33ada93dd840a619f26502030f657451fa3b"},{"path":"\/Users\/petrulutenco\/Projects\/DogsClient\/DogsClient\/Features\/HomeFeature\/HomeRoutes.swift","hash":"b55890c839b4595589dbcdf6de259f0088dd1ec2"},{"path":"\/Users\/petrulutenco\/Projects\/DogsClient\/DogsClient\/Features\/HomeFeature\/HomeView.swift","hash":"e6b013aab8b6c87d05a8b3cb2628c650550815b7"},{"path":"\/Users\/petrulutenco\/Projects\/DogsClient\/DogsClient\/Features\/HomeFeature\/HomeViewModel.swift","hash":"947d889818f1b12aad6b81fd826d4a99ae9ac26e"},{"path":"\/Users\/petrulutenco\/Projects\/DogsClient\/DogsClient\/Features\/SubbreedsFeature\/SubbreedRoutes.swift","hash":"f1d9d9c636054f9e698b145124ee315a471060ad"},{"path":"\/Users\/petrulutenco\/Projects\/DogsClient\/DogsClient\/Features\/SubbreedsFeature\/SubbreedsRouter.swift","hash":"d171c4f6a934c7b710253cbf2e28cdf8c8b0c1a3"},{"path":"\/Users\/petrulutenco\/Projects\/DogsClient\/DogsClient\/Features\/SubbreedsFeature\/SubbreedsView.swift","hash":"a431f62992c10a172a63c823a9989ba6b25d1fad"},{"path":"\/Users\/petrulutenco\/Projects\/DogsClient\/DogsClient\/Features\/SubbreedsFeature\/SubbreedsViewModel.swift","hash":"332e6050ed4ca47a238721dc8d1c49d8d2c06d7d"},{"path":"\/Users\/petrulutenco\/Projects\/DogsClient\/DogsClient\/Infrastructure\/Dependancy\/DIContainer.swift","hash":"9866989cdc847042e0c7cb6cbaf7c19d33b4a38c"},{"path":"\/Users\/petrulutenco\/Projects\/DogsClient\/DogsClient\/Infrastructure\/Networking\/Api.swift","hash":"f2c067d3ce14cb903ca86bdbb06e94381ad89087"},{"path":"\/Users\/petrulutenco\/Projects\/DogsClient\/DogsClient\/Infrastructure\/Networking\/ApiProtocol.swift","hash":"9dee545a8bd45bcabc4332e606f314c0cc3a9605"},{"path":"\/Users\/petrulutenco\/Projects\/DogsClient\/DogsClient\/Infrastructure\/Networking\/Endpoint.swift","hash":"4695d7536c15437d3bf6f6b70ff0f12d3ab7e029"},{"path":"\/Users\/petrulutenco\/Projects\/DogsClient\/DogsClient\/Infrastructure\/Networking\/NetworkProviderProtocol.swift","hash":"7f91634244edbf8af8ee83a62452da9e90cc076b"},{"path":"\/Users\/petrulutenco\/Projects\/DogsClient\/DogsClient\/Infrastructure\/Registerers\/Registerer.swift","hash":"7f1a5b4d2e5e0ec9cc291be5c6e70c3ba7ac2006"},{"path":"\/Users\/petrulutenco\/Projects\/DogsClient\/DogsClient\/Infrastructure\/Registerers\/UITestingRegisterer.swift","hash":"17f0acd7805a3eb2339321ae90a2534e76993a18"},{"path":"\/Users\/petrulutenco\/Projects\/DogsClient\/DogsClient\/Infrastructure\/Routing\/ModalRouterProtocol.swift","hash":"eb9b821595b13bbb892b3f80245ffaafa329667e"},{"path":"\/Users\/petrulutenco\/Projects\/DogsClient\/DogsClient\/Infrastructure\/Routing\/NavigationRouterProtocol.swift","hash":"019c8bb1820bc1586b649d80fd4ec79e15567b6a"},{"path":"\/Users\/petrulutenco\/Projects\/DogsClient\/DogsClient\/Infrastructure\/Routing\/RouteProtocol.swift","hash":"af05014c0505ec64d344145cddebecccfcba1daa"},{"path":"\/Users\/petrulutenco\/Projects\/DogsClient\/DogsClient\/Infrastructure\/Routing\/TabRouterProtocol.swift","hash":"5ede2cac9f3c21b12dd4325c8387e76d4918eed7"},{"path":"\/Users\/petrulutenco\/Projects\/DogsClient\/DogsClient\/Infrastructure\/Threading\/Dispatcher.swift","hash":"f3f9d505d7e86f5cec9a9d11eccf67208dd28318"},{"path":"\/Users\/petrulutenco\/Projects\/DogsClient\/DogsClient\/Infrastructure\/ViewModelProtocol.swift","hash":"99249c221b3c56358ff3546fd073344be7e22fa8"},{"path":"\/Users\/petrulutenco\/Projects\/DogsClient\/DogsClient\/Models\/Api\/BreedsListModel.swift","hash":"2adf2b2bc84d88bb5a4017087f24488ad7a05576"},{"path":"\/Users\/petrulutenco\/Projects\/DogsClient\/DogsClient\/Models\/Api\/BreedsListWithSubbreedsModel.swift","hash":"bf6d2177bd22a1c180d5c9161a4588adbe46cad2"},{"path":"\/Users\/petrulutenco\/Projects\/DogsClient\/DogsClient\/Models\/Application\/Breed.swift","hash":"20ec841e0b90ac84c551c90aa01fa82efdec4e36"}],"configHash":"a2647d1180c8a166e1ffd47176599eee7348ca9a","dependencyPathsHash":"841273a27fac7fac97f1adfa22c844693ccd2650","targetPathsHash":"1542b23c5436ec8b4e44b978e22b3d5450148003","mockedTypesHash":"1ba3a4d237e36b2ee4aec850b74fe6c072957137","outputHash":"f6ccec737c94f95d777c0b3a7a31ed0a06794c5c","dependencies":[],"sourceRoot":"\/Users\/petrulutenco\/Projects\/DogsClient","supportingFilePaths":[{"path":"\/Users\/petrulutenco\/Projects\/DogsClient\/MockingbirdSupport\/AppKit\/NSResponder.swift","hash":"21296949c6d570892c8665a450e62c234c938790"},{"path":"\/Users\/petrulutenco\/Projects\/DogsClient\/MockingbirdSupport\/AppKit\/NSView.swift","hash":"85b3183be144012a7e105e292426c3d9f8966072"},{"path":"\/Users\/petrulutenco\/Projects\/DogsClient\/MockingbirdSupport\/AppKit\/NSViewController.swift","hash":"d8785e8a119f2723c8840534df0ad8ac61409797"},{"path":"\/Users\/petrulutenco\/Projects\/DogsClient\/MockingbirdSupport\/Foundation\/ObjectiveC\/NSObject.swift","hash":"cf466772b8c2d80d31f34b93b501b398fbb8854d"},{"path":"\/Users\/petrulutenco\/Projects\/DogsClient\/MockingbirdSupport\/Foundation\/ObjectiveC\/NSObject.swift","hash":"cf466772b8c2d80d31f34b93b501b398fbb8854d"},{"path":"\/Users\/petrulutenco\/Projects\/DogsClient\/MockingbirdSupport\/Swift\/Codable.swift","hash":"57675d8b36a2db7b093b3542bd3225a88992c3bc"},{"path":"\/Users\/petrulutenco\/Projects\/DogsClient\/MockingbirdSupport\/Swift\/Comparable.swift","hash":"d0d110744eeaf2f8fdd2f8a41df3452f35286bb7"},{"path":"\/Users\/petrulutenco\/Projects\/DogsClient\/MockingbirdSupport\/Swift\/Equatable.swift","hash":"2e7674f4e23a5ab7aef45b91b63c0ed5934c3b83"},{"path":"\/Users\/petrulutenco\/Projects\/DogsClient\/MockingbirdSupport\/Swift\/Hashable.swift","hash":"f59ec249aa03e312f2bda7c3b397c0dccd880a21"},{"path":"\/Users\/petrulutenco\/Projects\/DogsClient\/MockingbirdSupport\/Swift\/Misc.swift","hash":"c139249ec5799f1ec64c3d9e7d8c1f286b894035"},{"path":"\/Users\/petrulutenco\/Projects\/DogsClient\/MockingbirdSupport\/UIKit\/UIControl.swift","hash":"9363a4c38002598dbbc1198f16fe7198b8151d24"},{"path":"\/Users\/petrulutenco\/Projects\/DogsClient\/MockingbirdSupport\/UIKit\/UILabel.swift","hash":"e26a734695bfe008598ed0d8c936683db78f40ac"},{"path":"\/Users\/petrulutenco\/Projects\/DogsClient\/MockingbirdSupport\/UIKit\/UIView.swift","hash":"10e6b03a9c5a76f720c17fcb82af82ff66994926"},{"path":"\/Users\/petrulutenco\/Projects\/DogsClient\/MockingbirdSupport\/UIKit\/UIViewController.swift","hash":"bbd8980a22029f339b0e8746124fd06d94730570"}],"name":"DogsClient","projectHash":"6bf3c2918e419198bae1fd851e400c9c10725252"}