{"projectHash":"92fc271b0ec5986774046d8281dc930c586e9020","productModuleName":"DogsClientTests","mockedTypeNames":["\/Users\/petrulutenco\/Projects\/DogsClient\/DogsClientTests\/Features\/Home\/HomeViewModelTests.swift",["NetworkProviderProtocol"],"\/Users\/petrulutenco\/Projects\/DogsClient\/DogsClientTests\/Features\/BreedDetail\/BreedDetailViewTests.swift",[],"\/Users\/petrulutenco\/Projects\/DogsClient\/DogsClientTests\/Features\/DogsPhotos\/DogsPhotosViewModelTests.swift",["ApiProtocol"],"\/Users\/petrulutenco\/Projects\/DogsClient\/DogsClientTests\/Features\/Home\/HomeViewTests.swift",[],"\/Users\/petrulutenco\/Projects\/DogsClient\/DogsClientTests\/Infrastructure\/Networking\/ApiTests.swift",[],"\/Users\/petrulutenco\/Projects\/DogsClient\/DogsClientTests\/Infrastructure\/Networking\/ApiIntegrationTests.swift",[]],"cliVersion":"0.20.0","sourceFilePaths":[{"path":"\/Users\/petrulutenco\/Projects\/DogsClient\/DogsClientTests\/Features\/BreedDetail\/BreedDetailViewTests.swift","hash":"dc393c29709bade0cec965ac950d96c692cd1710"},{"path":"\/Users\/petrulutenco\/Projects\/DogsClient\/DogsClientTests\/Features\/DogsPhotos\/DogsPhotosViewModelTests.swift","hash":"143d85e6bea75e164362fd1f96722236742f843f"},{"path":"\/Users\/petrulutenco\/Projects\/DogsClient\/DogsClientTests\/Features\/Home\/HomeViewModelTests.swift","hash":"df625605a89ba0db2775da1f0d25ddc33a2c2ad6"},{"path":"\/Users\/petrulutenco\/Projects\/DogsClient\/DogsClientTests\/Features\/Home\/HomeViewTests.swift","hash":"aecdbc0301178d15a40813fc663dda8f7825fccd"},{"path":"\/Users\/petrulutenco\/Projects\/DogsClient\/DogsClientTests\/Infrastructure\/Networking\/ApiIntegrationTests.swift","hash":"f794e3a26aedcb53b756526fc4ef2a2c96f7d9ba"},{"path":"\/Users\/petrulutenco\/Projects\/DogsClient\/DogsClientTests\/Infrastructure\/Networking\/ApiTests.swift","hash":"0f00c104dbd04ae2556fe267a3398b1fc1f2c60e"},{"path":"\/Users\/petrulutenco\/Projects\/DogsClient\/MockingbirdMocks\/DogsClientTests-DogsClientMocks.generated.swift","hash":"585b83f1d55a34e2450b86990e482b99a34455a8"}],"sourceRoot":"\/Users\/petrulutenco\/Projects\/DogsClient","dependencies":[],"name":"DogsClientTests"}