{"cliVersion":"0.20.0","productModuleName":"DogsClient","sourceFilePaths":[{"path":"\/Users\/petrulutenco\/Projects\/DogsClient\/DogsClient\/AppUtilities\/AppRouter.swift","hash":"0d0a36764762aae19034d5f20bf9039f191b1f7a"},{"path":"\/Users\/petrulutenco\/Projects\/DogsClient\/DogsClient\/DogsClientApp.swift","hash":"a78e330f7307e7411d63ff3d98a04be0b15e193f"},{"path":"\/Users\/petrulutenco\/Projects\/DogsClient\/DogsClient\/Features\/BreedsFeature\/BreedsTabRouter.swift","hash":"57e0b7402fc9d50b885da46b43877624d0715aa4"},{"path":"\/Users\/petrulutenco\/Projects\/DogsClient\/DogsClient\/Features\/BreedsFeature\/BreedsTabRoutes.swift","hash":"c67fb054417d7314f4284ec94239b4eba29c7b6b"},{"path":"\/Users\/petrulutenco\/Projects\/DogsClient\/DogsClient\/Features\/BreedsFeature\/BreedsTabView.swift","hash":"1e35b8f6e67447205e54789a3cd3d4e546871767"},{"path":"\/Users\/petrulutenco\/Projects\/DogsClient\/DogsClient\/Features\/BreedsFeature\/BreedsTabViewModel.swift","hash":"3dac24552ac34882489e4bcd58bdd4a10f92f9f6"},{"path":"\/Users\/petrulutenco\/Projects\/DogsClient\/DogsClient\/Features\/DetailFeature\/DetailViewModel.swift","hash":"8669d497c06941fc097c9f13126c80fcfb7216db"},{"path":"\/Users\/petrulutenco\/Projects\/DogsClient\/DogsClient\/Features\/DetailFeature\/DogDetailView.swift","hash":"1b308b113680de33e7e71537f857f043db981b0a"},{"path":"\/Users\/petrulutenco\/Projects\/DogsClient\/DogsClient\/Features\/DogPhotosFeature\/DogPhotosRoutes.swift","hash":"2441045e5a841c5dd6710532773268895fcf639d"},{"path":"\/Users\/petrulutenco\/Projects\/DogsClient\/DogsClient\/Features\/DogPhotosFeature\/DogsPhotosRouter.swift","hash":"6363d391160d843a0879293f2176f2a0ca4b59ab"},{"path":"\/Users\/petrulutenco\/Projects\/DogsClient\/DogsClient\/Features\/DogPhotosFeature\/DogsPhotosView.swift","hash":"c1f2269dfccb00edaf055343d701da50abb82717"},{"path":"\/Users\/petrulutenco\/Projects\/DogsClient\/DogsClient\/Features\/DogPhotosFeature\/DogsPhotosViewModel.swift","hash":"d7908a51f352aa3c72851ea941cede23e0cde661"},{"path":"\/Users\/petrulutenco\/Projects\/DogsClient\/DogsClient\/Features\/HomeFeature\/HomeRouter.swift","hash":"b2ac33ada93dd840a619f26502030f657451fa3b"},{"path":"\/Users\/petrulutenco\/Projects\/DogsClient\/DogsClient\/Features\/HomeFeature\/HomeRoutes.swift","hash":"b55890c839b4595589dbcdf6de259f0088dd1ec2"},{"path":"\/Users\/petrulutenco\/Projects\/DogsClient\/DogsClient\/Features\/HomeFeature\/HomeView.swift","hash":"b1cc085f1cb49440f4dc170cf553f8468b1ecd61"},{"path":"\/Users\/petrulutenco\/Projects\/DogsClient\/DogsClient\/Features\/HomeFeature\/HomeViewModel.swift","hash":"8c6c82992da664bfb84fb8fdc0264e3e6171cd98"},{"path":"\/Users\/petrulutenco\/Projects\/DogsClient\/DogsClient\/Features\/SubbreedsFeature\/SubbreedRoutes.swift","hash":"f1d9d9c636054f9e698b145124ee315a471060ad"},{"path":"\/Users\/petrulutenco\/Projects\/DogsClient\/DogsClient\/Features\/SubbreedsFeature\/SubbreedsRouter.swift","hash":"de3282ea3ba4b497b58647c426b83e65e6504297"},{"path":"\/Users\/petrulutenco\/Projects\/DogsClient\/DogsClient\/Features\/SubbreedsFeature\/SubbreedsView.swift","hash":"a431f62992c10a172a63c823a9989ba6b25d1fad"},{"path":"\/Users\/petrulutenco\/Projects\/DogsClient\/DogsClient\/Features\/SubbreedsFeature\/SubbreedsViewModel.swift","hash":"332e6050ed4ca47a238721dc8d1c49d8d2c06d7d"},{"path":"\/Users\/petrulutenco\/Projects\/DogsClient\/DogsClient\/Infrastructure\/Dependancy\/DIContainer.swift","hash":"9866989cdc847042e0c7cb6cbaf7c19d33b4a38c"},{"path":"\/Users\/petrulutenco\/Projects\/DogsClient\/DogsClient\/Infrastructure\/Networking\/Api.swift","hash":"16ba9985c7e9e19f6b11dee05a21f3401c3654b1"},{"path":"\/Users\/petrulutenco\/Projects\/DogsClient\/DogsClient\/Infrastructure\/Networking\/ApiProtocol.swift","hash":"dd4b8e8d808624c60a7c45d9e8c2859ba63f99b6"},{"path":"\/Users\/petrulutenco\/Projects\/DogsClient\/DogsClient\/Infrastructure\/Networking\/Endpoint.swift","hash":"4695d7536c15437d3bf6f6b70ff0f12d3ab7e029"},{"path":"\/Users\/petrulutenco\/Projects\/DogsClient\/DogsClient\/Infrastructure\/Networking\/NetworkProviderProtocol.swift","hash":"83fc65a044fe371ceeda32cc794478bc1a8a22d9"},{"path":"\/Users\/petrulutenco\/Projects\/DogsClient\/DogsClient\/Infrastructure\/Registerers\/Registerer.swift","hash":"c1511d53ac35b1242bbfc1851d5c1d838f757dc1"},{"path":"\/Users\/petrulutenco\/Projects\/DogsClient\/DogsClient\/Infrastructure\/Registerers\/UITestingRegisterer.swift","hash":"f60e95c0a2a58d6e026a7de1e4ee97f6918d9bd2"},{"path":"\/Users\/petrulutenco\/Projects\/DogsClient\/DogsClient\/Infrastructure\/Routing\/ModalRouterProtocol.swift","hash":"eb9b821595b13bbb892b3f80245ffaafa329667e"},{"path":"\/Users\/petrulutenco\/Projects\/DogsClient\/DogsClient\/Infrastructure\/Routing\/NavigationRouterProtocol.swift","hash":"019c8bb1820bc1586b649d80fd4ec79e15567b6a"},{"path":"\/Users\/petrulutenco\/Projects\/DogsClient\/DogsClient\/Infrastructure\/Routing\/RouteProtocol.swift","hash":"af05014c0505ec64d344145cddebecccfcba1daa"},{"path":"\/Users\/petrulutenco\/Projects\/DogsClient\/DogsClient\/Infrastructure\/Routing\/TabRouterProtocol.swift","hash":"5ede2cac9f3c21b12dd4325c8387e76d4918eed7"},{"path":"\/Users\/petrulutenco\/Projects\/DogsClient\/DogsClient\/Infrastructure\/Threading\/Dispatcher.swift","hash":"f3f9d505d7e86f5cec9a9d11eccf67208dd28318"},{"path":"\/Users\/petrulutenco\/Projects\/DogsClient\/DogsClient\/Infrastructure\/ViewModelProtocol.swift","hash":"99249c221b3c56358ff3546fd073344be7e22fa8"},{"path":"\/Users\/petrulutenco\/Projects\/DogsClient\/DogsClient\/Models\/Api\/BreedsListModel.swift","hash":"05fb7fa61f6c768a0e1ea9d3adf1d13cea9e68be"},{"path":"\/Users\/petrulutenco\/Projects\/DogsClient\/DogsClient\/Models\/Api\/BreedsListWithSubbreedsModel.swift","hash":"6b7312be95017d2b9b1a5a62e5a8b7cf0d0e4762"},{"path":"\/Users\/petrulutenco\/Projects\/DogsClient\/DogsClient\/Models\/Application\/Breed.swift","hash":"20ec841e0b90ac84c551c90aa01fa82efdec4e36"},{"path":"\/Users\/petrulutenco\/Projects\/DogsClient\/DogsClient\/Utilities\/Constants.swift","hash":"9ff8b1764250f6fbf6453ec87f7408230d47b830"}],"configHash":"a2647d1180c8a166e1ffd47176599eee7348ca9a","dependencyPathsHash":"841273a27fac7fac97f1adfa22c844693ccd2650","targetPathsHash":"b7ee3d3ded11741aa2cd160615ccfda691a4f78f","mockedTypesHash":"1ce2ebdb39814a57e21e75f5db29406074e0ace2","outputHash":"585b83f1d55a34e2450b86990e482b99a34455a8","dependencies":[],"sourceRoot":"\/Users\/petrulutenco\/Projects\/DogsClient","supportingFilePaths":[{"path":"\/Users\/petrulutenco\/Projects\/DogsClient\/MockingbirdSupport\/AppKit\/NSResponder.swift","hash":"21296949c6d570892c8665a450e62c234c938790"},{"path":"\/Users\/petrulutenco\/Projects\/DogsClient\/MockingbirdSupport\/AppKit\/NSView.swift","hash":"85b3183be144012a7e105e292426c3d9f8966072"},{"path":"\/Users\/petrulutenco\/Projects\/DogsClient\/MockingbirdSupport\/AppKit\/NSViewController.swift","hash":"d8785e8a119f2723c8840534df0ad8ac61409797"},{"path":"\/Users\/petrulutenco\/Projects\/DogsClient\/MockingbirdSupport\/Foundation\/ObjectiveC\/NSObject.swift","hash":"cf466772b8c2d80d31f34b93b501b398fbb8854d"},{"path":"\/Users\/petrulutenco\/Projects\/DogsClient\/MockingbirdSupport\/Foundation\/ObjectiveC\/NSObject.swift","hash":"cf466772b8c2d80d31f34b93b501b398fbb8854d"},{"path":"\/Users\/petrulutenco\/Projects\/DogsClient\/MockingbirdSupport\/Swift\/Codable.swift","hash":"57675d8b36a2db7b093b3542bd3225a88992c3bc"},{"path":"\/Users\/petrulutenco\/Projects\/DogsClient\/MockingbirdSupport\/Swift\/Comparable.swift","hash":"d0d110744eeaf2f8fdd2f8a41df3452f35286bb7"},{"path":"\/Users\/petrulutenco\/Projects\/DogsClient\/MockingbirdSupport\/Swift\/Equatable.swift","hash":"2e7674f4e23a5ab7aef45b91b63c0ed5934c3b83"},{"path":"\/Users\/petrulutenco\/Projects\/DogsClient\/MockingbirdSupport\/Swift\/Hashable.swift","hash":"f59ec249aa03e312f2bda7c3b397c0dccd880a21"},{"path":"\/Users\/petrulutenco\/Projects\/DogsClient\/MockingbirdSupport\/Swift\/Misc.swift","hash":"c139249ec5799f1ec64c3d9e7d8c1f286b894035"},{"path":"\/Users\/petrulutenco\/Projects\/DogsClient\/MockingbirdSupport\/UIKit\/UIControl.swift","hash":"9363a4c38002598dbbc1198f16fe7198b8151d24"},{"path":"\/Users\/petrulutenco\/Projects\/DogsClient\/MockingbirdSupport\/UIKit\/UILabel.swift","hash":"e26a734695bfe008598ed0d8c936683db78f40ac"},{"path":"\/Users\/petrulutenco\/Projects\/DogsClient\/MockingbirdSupport\/UIKit\/UIView.swift","hash":"10e6b03a9c5a76f720c17fcb82af82ff66994926"},{"path":"\/Users\/petrulutenco\/Projects\/DogsClient\/MockingbirdSupport\/UIKit\/UIViewController.swift","hash":"bbd8980a22029f339b0e8746124fd06d94730570"}],"name":"DogsClient","projectHash":"92fc271b0ec5986774046d8281dc930c586e9020"}