{"projectHash":"12a9828e541cbaf310379ecacc12aa2f71f3b448","productModuleName":"DogsClientTests","mockedTypeNames":["\/Users\/petrulutenco\/Projects\/DogsClient\/DogsClientTests\/Features\/BreedDetail\/BreedDetailViewTests.swift",[],"\/Users\/petrulutenco\/Projects\/DogsClient\/DogsClientTests\/Features\/Home\/HomeViewTests.swift",[],"\/Users\/petrulutenco\/Projects\/DogsClient\/DogsClientTests\/Features\/Home\/HomeViewModelTests.swift",["NetworkProviderProtocol"],"\/Users\/petrulutenco\/Projects\/DogsClient\/DogsClientTests\/Infrastructure\/Networking\/ApiTests.swift",[],"\/Users\/petrulutenco\/Projects\/DogsClient\/DogsClientTests\/Infrastructure\/Networking\/ApiIntegrationTests.swift",[]],"cliVersion":"0.20.0","sourceFilePaths":[{"path":"\/Users\/petrulutenco\/Projects\/DogsClient\/DogsClientTests\/Features\/BreedDetail\/BreedDetailViewTests.swift","hash":"dc393c29709bade0cec965ac950d96c692cd1710"},{"path":"\/Users\/petrulutenco\/Projects\/DogsClient\/DogsClientTests\/Features\/Home\/HomeViewModelTests.swift","hash":"1e7328edf95ec4629f970c441792eee1b20a01f7"},{"path":"\/Users\/petrulutenco\/Projects\/DogsClient\/DogsClientTests\/Features\/Home\/HomeViewTests.swift","hash":"05b69dfe33aebf68dc20ec50e34afe7531a46220"},{"path":"\/Users\/petrulutenco\/Projects\/DogsClient\/DogsClientTests\/Infrastructure\/Networking\/ApiIntegrationTests.swift","hash":"364d7e586146579d86a3060cc2b82f3cb1f9f79b"},{"path":"\/Users\/petrulutenco\/Projects\/DogsClient\/DogsClientTests\/Infrastructure\/Networking\/ApiTests.swift","hash":"1223be0a83bbdf3cf16e5256858ad24aa2adeea7"},{"path":"\/Users\/petrulutenco\/Projects\/DogsClient\/MockingbirdMocks\/DogsClientTests-DogsClientMocks.generated.swift","hash":"1af64c37d8c8b5b507a7c44cb22c0334a8ec6f1a"}],"sourceRoot":"\/Users\/petrulutenco\/Projects\/DogsClient","dependencies":[],"name":"DogsClientTests"}