{"projectHash":"80a73f6d2ebcb2046dc19261c1aa539b02cb40a7","productModuleName":"DogsClientTests","mockedTypeNames":["\/Users\/petrulutenco\/Projects\/DogsClient\/DogsClientTests\/Features\/Home\/HomeViewTests.swift",[],"\/Users\/petrulutenco\/Projects\/DogsClient\/DogsClientTests\/Features\/Home\/HomeViewModelTests.swift",["NetworkProviderProtocol"],"\/Users\/petrulutenco\/Projects\/DogsClient\/DogsClientTests\/Infrastructure\/Networking\/ApiTests.swift",[],"\/Users\/petrulutenco\/Projects\/DogsClient\/DogsClientTests\/Features\/BreedDetail\/BreedDetailViewTests.swift",[],"\/Users\/petrulutenco\/Projects\/DogsClient\/DogsClientTests\/Infrastructure\/Networking\/ApiIntegrationTests.swift",[]],"cliVersion":"0.20.0","sourceFilePaths":[{"path":"\/Users\/petrulutenco\/Projects\/DogsClient\/DogsClientTests\/Features\/BreedDetail\/BreedDetailViewTests.swift","hash":"0248b1b3609a751c430befc6d445ebfe8dad83bd"},{"path":"\/Users\/petrulutenco\/Projects\/DogsClient\/DogsClientTests\/Features\/Home\/HomeViewModelTests.swift","hash":"234ed3b33cabb2c94f681a4be4eae0b28c05501d"},{"path":"\/Users\/petrulutenco\/Projects\/DogsClient\/DogsClientTests\/Features\/Home\/HomeViewTests.swift","hash":"b14cfa7d30796cc7cdc4388794cf3e78332d806a"},{"path":"\/Users\/petrulutenco\/Projects\/DogsClient\/DogsClientTests\/Infrastructure\/Networking\/ApiIntegrationTests.swift","hash":"1d3b55800adaf292e5b0b33503e5a7ab7deae8f7"},{"path":"\/Users\/petrulutenco\/Projects\/DogsClient\/DogsClientTests\/Infrastructure\/Networking\/ApiTests.swift","hash":"1223be0a83bbdf3cf16e5256858ad24aa2adeea7"},{"path":"\/Users\/petrulutenco\/Projects\/DogsClient\/MockingbirdMocks\/DogsClientTests-DogsClientMocks.generated.swift","hash":"1af64c37d8c8b5b507a7c44cb22c0334a8ec6f1a"}],"sourceRoot":"\/Users\/petrulutenco\/Projects\/DogsClient","dependencies":[],"name":"DogsClientTests"}